
Microsoft Visual Studio Solution File, Format Version 12.00
# Visual Studio Version 16
VisualStudioVersion = 16.0.30804.86
MinimumVisualStudioVersion = 10.0.40219.1
Project("{FAE04EC0-301F-11D3-BF4B-00C04F79EFBC}") = "DataStructuresAndAlgorithms", "DataStructuresAndAlgorithms\DataStructuresAndAlgorithms.csproj", "{414F0A95-6B34-4739-9654-63B7E7345532}"
EndProject
Project("{FAE04EC0-301F-11D3-BF4B-00C04F79EFBC}") = "Graph", "Graph\Graph.csproj", "{3D2F540D-6CC5-4640-BCFD-ED4E871E9B49}"
EndProject
Project("{2150E333-8FDC-42A3-9474-1A3956D46DE8}") = "Tests", "Tests", "{D0B90474-A1C2-4879-8FA3-98ED02AA0B66}"
EndProject
Project("{FAE04EC0-301F-11D3-BF4B-00C04F79EFBC}") = "TreesTest", "TreesTest\TreesTest.csproj", "{5A76B28B-E6B2-4ABA-9C11-318404CB5494}"
EndProject
Project("{2150E333-8FDC-42A3-9474-1A3956D46DE8}") = "Datastructures", "Datastructures", "{FB401B46-5039-48DA-8FE9-01B09FF2E9DB}"
EndProject
Project("{FAE04EC0-301F-11D3-BF4B-00C04F79EFBC}") = "Trees", "Trees\Trees.csproj", "{51C50761-1492-4379-BB38-B789F41CACBB}"
EndProject
Project("{FAE04EC0-301F-11D3-BF4B-00C04F79EFBC}") = "Heap", "Heap\Heap.csproj", "{F3C958AD-CFDE-45D3-9165-82F6007C6ABC}"
EndProject
Project("{FAE04EC0-301F-11D3-BF4B-00C04F79EFBC}") = "Queues", "Queues\Queues.csproj", "{13A3115A-0CB1-4D07-8B69-2F8AD407379A}"
EndProject
Project("{FAE04EC0-301F-11D3-BF4B-00C04F79EFBC}") = "LinkedList", "LinkedList\LinkedList.csproj", "{C321F1A1-D909-4E40-B44E-46864C415DFB}"
EndProject
Project("{FAE04EC0-301F-11D3-BF4B-00C04F79EFBC}") = "Hashtables", "Hashtables\Hashtables.csproj", "{A7F4582C-5662-45CF-B41F-C65D6E0D4E54}"
EndProject
Project("{2150E333-8FDC-42A3-9474-1A3956D46DE8}") = "Algorithms", "Algorithms", "{3A01A6A2-F7F8-413E-973E-B56AC43B6B38}"
EndProject
Project("{FAE04EC0-301F-11D3-BF4B-00C04F79EFBC}") = "StringAlgorithms", "StringAlgorithms\StringAlgorithms.csproj", "{6334C7CB-7169-4FCD-8840-D3A980AD1CD4}"
EndProject
Project("{FAE04EC0-301F-11D3-BF4B-00C04F79EFBC}") = "GreedyAlgorithms", "GreedyAlgorithms\GreedyAlgorithms.csproj", "{BFB06EBD-284A-43FF-B1AF-A82E72D095BC}"
EndProject
Project("{2150E333-8FDC-42A3-9474-1A3956D46DE8}") = "InterviewQuestions", "InterviewQuestions", "{9D484B20-484A-4534-8670-6710B4D62136}"
EndProject
Project("{FAE04EC0-301F-11D3-BF4B-00C04F79EFBC}") = "InterviewQuestions", "IntervviewQuestions\InterviewQuestions.csproj", "{4B4470B8-38EA-4614-93EF-E7670B928EED}"
EndProject
Project("{FAE04EC0-301F-11D3-BF4B-00C04F79EFBC}") = "DynamicProgramming", "DynamicProgramming\DynamicProgramming.csproj", "{C40C88E4-A911-485A-B6D4-2EE32EEA40EB}"
EndProject
Project("{2150E333-8FDC-42A3-9474-1A3956D46DE8}") = "SlidingWindow", "SlidingWindow", "{8B971B10-1969-40CA-B7D7-918588D3819B}"
EndProject
Project("{FAE04EC0-301F-11D3-BF4B-00C04F79EFBC}") = "SlidingWindow", "SlidingWindow\SlidingWindow.csproj", "{40C0E0DD-6C98-4A55-BCD4-C5347D868B4F}"
EndProject
Project("{FAE04EC0-301F-11D3-BF4B-00C04F79EFBC}") = "LRUCache", "LRUCache\LRUCache.csproj", "{814A076F-364C-4E11-B7E0-59C7E4FC5F2E}"
EndProject
Project("{FAE04EC0-301F-11D3-BF4B-00C04F79EFBC}") = "AmazonInterview", "AmazonInterview\AmazonInterview.csproj", "{627A30C1-24DA-4BF4-AA38-1BF728884AC0}"
EndProject
Global
	GlobalSection(SolutionConfigurationPlatforms) = preSolution
		Debug|Any CPU = Debug|Any CPU
		Release|Any CPU = Release|Any CPU
	EndGlobalSection
	GlobalSection(ProjectConfigurationPlatforms) = postSolution
		{414F0A95-6B34-4739-9654-63B7E7345532}.Debug|Any CPU.ActiveCfg = Debug|Any CPU
		{414F0A95-6B34-4739-9654-63B7E7345532}.Debug|Any CPU.Build.0 = Debug|Any CPU
		{414F0A95-6B34-4739-9654-63B7E7345532}.Release|Any CPU.ActiveCfg = Release|Any CPU
		{414F0A95-6B34-4739-9654-63B7E7345532}.Release|Any CPU.Build.0 = Release|Any CPU
		{3D2F540D-6CC5-4640-BCFD-ED4E871E9B49}.Debug|Any CPU.ActiveCfg = Debug|Any CPU
		{3D2F540D-6CC5-4640-BCFD-ED4E871E9B49}.Debug|Any CPU.Build.0 = Debug|Any CPU
		{3D2F540D-6CC5-4640-BCFD-ED4E871E9B49}.Release|Any CPU.ActiveCfg = Release|Any CPU
		{3D2F540D-6CC5-4640-BCFD-ED4E871E9B49}.Release|Any CPU.Build.0 = Release|Any CPU
		{5A76B28B-E6B2-4ABA-9C11-318404CB5494}.Debug|Any CPU.ActiveCfg = Debug|Any CPU
		{5A76B28B-E6B2-4ABA-9C11-318404CB5494}.Debug|Any CPU.Build.0 = Debug|Any CPU
		{5A76B28B-E6B2-4ABA-9C11-318404CB5494}.Release|Any CPU.ActiveCfg = Release|Any CPU
		{5A76B28B-E6B2-4ABA-9C11-318404CB5494}.Release|Any CPU.Build.0 = Release|Any CPU
		{51C50761-1492-4379-BB38-B789F41CACBB}.Debug|Any CPU.ActiveCfg = Debug|Any CPU
		{51C50761-1492-4379-BB38-B789F41CACBB}.Debug|Any CPU.Build.0 = Debug|Any CPU
		{51C50761-1492-4379-BB38-B789F41CACBB}.Release|Any CPU.ActiveCfg = Release|Any CPU
		{51C50761-1492-4379-BB38-B789F41CACBB}.Release|Any CPU.Build.0 = Release|Any CPU
		{F3C958AD-CFDE-45D3-9165-82F6007C6ABC}.Debug|Any CPU.ActiveCfg = Debug|Any CPU
		{F3C958AD-CFDE-45D3-9165-82F6007C6ABC}.Debug|Any CPU.Build.0 = Debug|Any CPU
		{F3C958AD-CFDE-45D3-9165-82F6007C6ABC}.Release|Any CPU.ActiveCfg = Release|Any CPU
		{F3C958AD-CFDE-45D3-9165-82F6007C6ABC}.Release|Any CPU.Build.0 = Release|Any CPU
		{13A3115A-0CB1-4D07-8B69-2F8AD407379A}.Debug|Any CPU.ActiveCfg = Debug|Any CPU
		{13A3115A-0CB1-4D07-8B69-2F8AD407379A}.Debug|Any CPU.Build.0 = Debug|Any CPU
		{13A3115A-0CB1-4D07-8B69-2F8AD407379A}.Release|Any CPU.ActiveCfg = Release|Any CPU
		{13A3115A-0CB1-4D07-8B69-2F8AD407379A}.Release|Any CPU.Build.0 = Release|Any CPU
		{C321F1A1-D909-4E40-B44E-46864C415DFB}.Debug|Any CPU.ActiveCfg = Debug|Any CPU
		{C321F1A1-D909-4E40-B44E-46864C415DFB}.Debug|Any CPU.Build.0 = Debug|Any CPU
		{C321F1A1-D909-4E40-B44E-46864C415DFB}.Release|Any CPU.ActiveCfg = Release|Any CPU
		{C321F1A1-D909-4E40-B44E-46864C415DFB}.Release|Any CPU.Build.0 = Release|Any CPU
		{A7F4582C-5662-45CF-B41F-C65D6E0D4E54}.Debug|Any CPU.ActiveCfg = Debug|Any CPU
		{A7F4582C-5662-45CF-B41F-C65D6E0D4E54}.Debug|Any CPU.Build.0 = Debug|Any CPU
		{A7F4582C-5662-45CF-B41F-C65D6E0D4E54}.Release|Any CPU.ActiveCfg = Release|Any CPU
		{A7F4582C-5662-45CF-B41F-C65D6E0D4E54}.Release|Any CPU.Build.0 = Release|Any CPU
		{6334C7CB-7169-4FCD-8840-D3A980AD1CD4}.Debug|Any CPU.ActiveCfg = Debug|Any CPU
		{6334C7CB-7169-4FCD-8840-D3A980AD1CD4}.Debug|Any CPU.Build.0 = Debug|Any CPU
		{6334C7CB-7169-4FCD-8840-D3A980AD1CD4}.Release|Any CPU.ActiveCfg = Release|Any CPU
		{6334C7CB-7169-4FCD-8840-D3A980AD1CD4}.Release|Any CPU.Build.0 = Release|Any CPU
		{BFB06EBD-284A-43FF-B1AF-A82E72D095BC}.Debug|Any CPU.ActiveCfg = Debug|Any CPU
		{BFB06EBD-284A-43FF-B1AF-A82E72D095BC}.Debug|Any CPU.Build.0 = Debug|Any CPU
		{BFB06EBD-284A-43FF-B1AF-A82E72D095BC}.Release|Any CPU.ActiveCfg = Release|Any CPU
		{BFB06EBD-284A-43FF-B1AF-A82E72D095BC}.Release|Any CPU.Build.0 = Release|Any CPU
		{4B4470B8-38EA-4614-93EF-E7670B928EED}.Debug|Any CPU.ActiveCfg = Debug|Any CPU
		{4B4470B8-38EA-4614-93EF-E7670B928EED}.Debug|Any CPU.Build.0 = Debug|Any CPU
		{4B4470B8-38EA-4614-93EF-E7670B928EED}.Release|Any CPU.ActiveCfg = Release|Any CPU
		{4B4470B8-38EA-4614-93EF-E7670B928EED}.Release|Any CPU.Build.0 = Release|Any CPU
		{C40C88E4-A911-485A-B6D4-2EE32EEA40EB}.Debug|Any CPU.ActiveCfg = Debug|Any CPU
		{C40C88E4-A911-485A-B6D4-2EE32EEA40EB}.Debug|Any CPU.Build.0 = Debug|Any CPU
		{C40C88E4-A911-485A-B6D4-2EE32EEA40EB}.Release|Any CPU.ActiveCfg = Release|Any CPU
		{C40C88E4-A911-485A-B6D4-2EE32EEA40EB}.Release|Any CPU.Build.0 = Release|Any CPU
		{40C0E0DD-6C98-4A55-BCD4-C5347D868B4F}.Debug|Any CPU.ActiveCfg = Debug|Any CPU
		{40C0E0DD-6C98-4A55-BCD4-C5347D868B4F}.Debug|Any CPU.Build.0 = Debug|Any CPU
		{40C0E0DD-6C98-4A55-BCD4-C5347D868B4F}.Release|Any CPU.ActiveCfg = Release|Any CPU
		{40C0E0DD-6C98-4A55-BCD4-C5347D868B4F}.Release|Any CPU.Build.0 = Release|Any CPU
		{814A076F-364C-4E11-B7E0-59C7E4FC5F2E}.Debug|Any CPU.ActiveCfg = Debug|Any CPU
		{814A076F-364C-4E11-B7E0-59C7E4FC5F2E}.Debug|Any CPU.Build.0 = Debug|Any CPU
		{814A076F-364C-4E11-B7E0-59C7E4FC5F2E}.Release|Any CPU.ActiveCfg = Release|Any CPU
		{814A076F-364C-4E11-B7E0-59C7E4FC5F2E}.Release|Any CPU.Build.0 = Release|Any CPU
		{627A30C1-24DA-4BF4-AA38-1BF728884AC0}.Debug|Any CPU.ActiveCfg = Debug|Any CPU
		{627A30C1-24DA-4BF4-AA38-1BF728884AC0}.Debug|Any CPU.Build.0 = Debug|Any CPU
		{627A30C1-24DA-4BF4-AA38-1BF728884AC0}.Release|Any CPU.ActiveCfg = Release|Any CPU
		{627A30C1-24DA-4BF4-AA38-1BF728884AC0}.Release|Any CPU.Build.0 = Release|Any CPU
	EndGlobalSection
	GlobalSection(SolutionProperties) = preSolution
		HideSolutionNode = FALSE
	EndGlobalSection
	GlobalSection(NestedProjects) = preSolution
		{3D2F540D-6CC5-4640-BCFD-ED4E871E9B49} = {FB401B46-5039-48DA-8FE9-01B09FF2E9DB}
		{5A76B28B-E6B2-4ABA-9C11-318404CB5494} = {D0B90474-A1C2-4879-8FA3-98ED02AA0B66}
		{51C50761-1492-4379-BB38-B789F41CACBB} = {FB401B46-5039-48DA-8FE9-01B09FF2E9DB}
		{F3C958AD-CFDE-45D3-9165-82F6007C6ABC} = {FB401B46-5039-48DA-8FE9-01B09FF2E9DB}
		{13A3115A-0CB1-4D07-8B69-2F8AD407379A} = {FB401B46-5039-48DA-8FE9-01B09FF2E9DB}
		{C321F1A1-D909-4E40-B44E-46864C415DFB} = {FB401B46-5039-48DA-8FE9-01B09FF2E9DB}
		{A7F4582C-5662-45CF-B41F-C65D6E0D4E54} = {FB401B46-5039-48DA-8FE9-01B09FF2E9DB}
		{6334C7CB-7169-4FCD-8840-D3A980AD1CD4} = {3A01A6A2-F7F8-413E-973E-B56AC43B6B38}
		{BFB06EBD-284A-43FF-B1AF-A82E72D095BC} = {3A01A6A2-F7F8-413E-973E-B56AC43B6B38}
		{4B4470B8-38EA-4614-93EF-E7670B928EED} = {9D484B20-484A-4534-8670-6710B4D62136}
		{C40C88E4-A911-485A-B6D4-2EE32EEA40EB} = {3A01A6A2-F7F8-413E-973E-B56AC43B6B38}
		{8B971B10-1969-40CA-B7D7-918588D3819B} = {3A01A6A2-F7F8-413E-973E-B56AC43B6B38}
		{40C0E0DD-6C98-4A55-BCD4-C5347D868B4F} = {8B971B10-1969-40CA-B7D7-918588D3819B}
		{814A076F-364C-4E11-B7E0-59C7E4FC5F2E} = {3A01A6A2-F7F8-413E-973E-B56AC43B6B38}
		{627A30C1-24DA-4BF4-AA38-1BF728884AC0} = {9D484B20-484A-4534-8670-6710B4D62136}
	EndGlobalSection
	GlobalSection(ExtensibilityGlobals) = postSolution
		SolutionGuid = {96C327E4-8C65-40F9-901F-C43E1E844794}
	EndGlobalSection
EndGlobal
